// !$*UTF8*$!
{
	archiveVersion = 1;
	classes = {
	};
	objectVersion = 56;
	objects = {

/* Begin PBXBuildFile section */
		9703E5D02A14BB7D0044146E /* PhotoIGListViewController.swift in Sources */ = {isa = PBXBuildFile; fileRef = 9703E5CF2A14BB7D0044146E /* PhotoIGListViewController.swift */; };
		9703E5D22A14C6F60044146E /* PhotoListSectionController.swift in Sources */ = {isa = PBXBuildFile; fileRef = 9703E5D12A14C6F60044146E /* PhotoListSectionController.swift */; };
		9703E5D52A15CF550044146E /* AlbumListSectionController.swift in Sources */ = {isa = PBXBuildFile; fileRef = 9703E5D42A15CF550044146E /* AlbumListSectionController.swift */; };
		97E4AB022A133A3300AF8821 /* IGListDiffKit in Frameworks */ = {isa = PBXBuildFile; productRef = 97E4AB012A133A3300AF8821 /* IGListDiffKit */; };
		97E4AB042A133A3300AF8821 /* IGListKit in Frameworks */ = {isa = PBXBuildFile; productRef = 97E4AB032A133A3300AF8821 /* IGListKit */; };
		97E4AB062A133A3300AF8821 /* IGListSwiftKit in Frameworks */ = {isa = PBXBuildFile; productRef = 97E4AB052A133A3300AF8821 /* IGListSwiftKit */; };
		97E4AB082A13787C00AF8821 /* MainViewController.swift in Sources */ = {isa = PBXBuildFile; fileRef = 97E4AB072A13787C00AF8821 /* MainViewController.swift */; };
		9F37EE652A0B828C00167851 /* AppDelegate.swift in Sources */ = {isa = PBXBuildFile; fileRef = 9F37EE642A0B828C00167851 /* AppDelegate.swift */; };
		9F37EE672A0B828C00167851 /* SceneDelegate.swift in Sources */ = {isa = PBXBuildFile; fileRef = 9F37EE662A0B828C00167851 /* SceneDelegate.swift */; };
		9F37EE692A0B828C00167851 /* PhotoListViewController.swift in Sources */ = {isa = PBXBuildFile; fileRef = 9F37EE682A0B828C00167851 /* PhotoListViewController.swift */; };
		9F37EE6E2A0B828F00167851 /* Assets.xcassets in Resources */ = {isa = PBXBuildFile; fileRef = 9F37EE6D2A0B828F00167851 /* Assets.xcassets */; };
		9F37EE712A0B828F00167851 /* LaunchScreen.storyboard in Resources */ = {isa = PBXBuildFile; fileRef = 9F37EE6F2A0B828F00167851 /* LaunchScreen.storyboard */; };
		9F37EE792A0B849600167851 /* PhotoListViewModel.swift in Sources */ = {isa = PBXBuildFile; fileRef = 9F37EE782A0B849600167851 /* PhotoListViewModel.swift */; };
		9F37EE7D2A0B84C300167851 /* Photo.swift in Sources */ = {isa = PBXBuildFile; fileRef = 9F37EE7C2A0B84C300167851 /* Photo.swift */; };
		9F37EE7F2A0B92A600167851 /* Album.swift in Sources */ = {isa = PBXBuildFile; fileRef = 9F37EE7E2A0B92A600167851 /* Album.swift */; };
		9F37EE822A0B990300167851 /* PhotoListView.swift in Sources */ = {isa = PBXBuildFile; fileRef = 9F37EE812A0B990300167851 /* PhotoListView.swift */; };
		9F9A3C8E2A0DBEE900012D6B /* Nuke in Frameworks */ = {isa = PBXBuildFile; productRef = 9F9A3C8D2A0DBEE900012D6B /* Nuke */; };
		9FC2986A2A0C7DAC00F2C37E /* AlbumCollectionCell.swift in Sources */ = {isa = PBXBuildFile; fileRef = 9FC298692A0C7DAC00F2C37E /* AlbumCollectionCell.swift */; };
		9FC2986F2A0C8E3F00F2C37E /* PhotoCollectionCell.swift in Sources */ = {isa = PBXBuildFile; fileRef = 9FC2986E2A0C8E3F00F2C37E /* PhotoCollectionCell.swift */; };
/* End PBXBuildFile section */

/* Begin PBXFileReference section */
		9703E5CF2A14BB7D0044146E /* PhotoIGListViewController.swift */ = {isa = PBXFileReference; lastKnownFileType = sourcecode.swift; path = PhotoIGListViewController.swift; sourceTree = "<group>"; };
		9703E5D12A14C6F60044146E /* PhotoListSectionController.swift */ = {isa = PBXFileReference; lastKnownFileType = sourcecode.swift; path = PhotoListSectionController.swift; sourceTree = "<group>"; };
		9703E5D42A15CF550044146E /* AlbumListSectionController.swift */ = {isa = PBXFileReference; lastKnownFileType = sourcecode.swift; path = AlbumListSectionController.swift; sourceTree = "<group>"; };
		97E4AB072A13787C00AF8821 /* MainViewController.swift */ = {isa = PBXFileReference; lastKnownFileType = sourcecode.swift; path = MainViewController.swift; sourceTree = "<group>"; };
		9F37EE612A0B828C00167851 /* IGListKit-POC.app */ = {isa = PBXFileReference; explicitFileType = wrapper.application; includeInIndex = 0; path = "IGListKit-POC.app"; sourceTree = BUILT_PRODUCTS_DIR; };
		9F37EE642A0B828C00167851 /* AppDelegate.swift */ = {isa = PBXFileReference; lastKnownFileType = sourcecode.swift; path = AppDelegate.swift; sourceTree = "<group>"; };
		9F37EE662A0B828C00167851 /* SceneDelegate.swift */ = {isa = PBXFileReference; lastKnownFileType = sourcecode.swift; path = SceneDelegate.swift; sourceTree = "<group>"; };
		9F37EE682A0B828C00167851 /* PhotoListViewController.swift */ = {isa = PBXFileReference; lastKnownFileType = sourcecode.swift; path = PhotoListViewController.swift; sourceTree = "<group>"; };
		9F37EE6D2A0B828F00167851 /* Assets.xcassets */ = {isa = PBXFileReference; lastKnownFileType = folder.assetcatalog; path = Assets.xcassets; sourceTree = "<group>"; };
		9F37EE702A0B828F00167851 /* Base */ = {isa = PBXFileReference; lastKnownFileType = file.storyboard; name = Base; path = Base.lproj/LaunchScreen.storyboard; sourceTree = "<group>"; };
		9F37EE722A0B828F00167851 /* Info.plist */ = {isa = PBXFileReference; lastKnownFileType = text.plist.xml; path = Info.plist; sourceTree = "<group>"; };
		9F37EE782A0B849600167851 /* PhotoListViewModel.swift */ = {isa = PBXFileReference; lastKnownFileType = sourcecode.swift; path = PhotoListViewModel.swift; sourceTree = "<group>"; };
		9F37EE7C2A0B84C300167851 /* Photo.swift */ = {isa = PBXFileReference; lastKnownFileType = sourcecode.swift; path = Photo.swift; sourceTree = "<group>"; };
		9F37EE7E2A0B92A600167851 /* Album.swift */ = {isa = PBXFileReference; lastKnownFileType = sourcecode.swift; path = Album.swift; sourceTree = "<group>"; };
		9F37EE812A0B990300167851 /* PhotoListView.swift */ = {isa = PBXFileReference; lastKnownFileType = sourcecode.swift; path = PhotoListView.swift; sourceTree = "<group>"; };
		9F9A3C8F2A0DC01600012D6B /* README.md */ = {isa = PBXFileReference; lastKnownFileType = net.daringfireball.markdown; path = README.md; sourceTree = "<group>"; };
		9FC298692A0C7DAC00F2C37E /* AlbumCollectionCell.swift */ = {isa = PBXFileReference; lastKnownFileType = sourcecode.swift; path = AlbumCollectionCell.swift; sourceTree = "<group>"; };
		9FC2986E2A0C8E3F00F2C37E /* PhotoCollectionCell.swift */ = {isa = PBXFileReference; lastKnownFileType = sourcecode.swift; path = PhotoCollectionCell.swift; sourceTree = "<group>"; };
/* End PBXFileReference section */

/* Begin PBXFrameworksBuildPhase section */
		9F37EE5E2A0B828C00167851 /* Frameworks */ = {
			isa = PBXFrameworksBuildPhase;
			buildActionMask = 2147483647;
			files = (
				97E4AB022A133A3300AF8821 /* IGListDiffKit in Frameworks */,
				97E4AB042A133A3300AF8821 /* IGListKit in Frameworks */,
				9F9A3C8E2A0DBEE900012D6B /* Nuke in Frameworks */,
				97E4AB062A133A3300AF8821 /* IGListSwiftKit in Frameworks */,
			);
			runOnlyForDeploymentPostprocessing = 0;
		};
/* End PBXFrameworksBuildPhase section */

/* Begin PBXGroup section */
		9703E5D32A15CEED0044146E /* Sections */ = {
			isa = PBXGroup;
			children = (
				9703E5D42A15CF550044146E /* AlbumListSectionController.swift */,
				9703E5D12A14C6F60044146E /* PhotoListSectionController.swift */,
			);
			path = Sections;
			sourceTree = "<group>";
		};
		9F37EE582A0B828C00167851 = {
			isa = PBXGroup;
			children = (
				9F37EE632A0B828C00167851 /* IGListKit-POC */,
				9F9A3C8F2A0DC01600012D6B /* README.md */,
				9F37EE622A0B828C00167851 /* Products */,
			);
			sourceTree = "<group>";
		};
		9F37EE622A0B828C00167851 /* Products */ = {
			isa = PBXGroup;
			children = (
				9F37EE612A0B828C00167851 /* IGListKit-POC.app */,
			);
			name = Products;
			sourceTree = "<group>";
		};
		9F37EE632A0B828C00167851 /* IGListKit-POC */ = {
			isa = PBXGroup;
			children = (
				9F37EE642A0B828C00167851 /* AppDelegate.swift */,
				9F37EE662A0B828C00167851 /* SceneDelegate.swift */,
				9F37EE7B2A0B84B500167851 /* Models */,
				9F37EE7A2A0B84A600167851 /* Features */,
				9F37EE6D2A0B828F00167851 /* Assets.xcassets */,
				9F37EE6F2A0B828F00167851 /* LaunchScreen.storyboard */,
				9F37EE722A0B828F00167851 /* Info.plist */,
			);
			path = "IGListKit-POC";
			sourceTree = "<group>";
		};
		9F37EE7A2A0B84A600167851 /* Features */ = {
			isa = PBXGroup;
			children = (
				97E4AB072A13787C00AF8821 /* MainViewController.swift */,
				9F37EE802A0B984F00167851 /* PhotoList */,
			);
			path = Features;
			sourceTree = "<group>";
		};
		9F37EE7B2A0B84B500167851 /* Models */ = {
			isa = PBXGroup;
			children = (
				9F37EE7E2A0B92A600167851 /* Album.swift */,
				9F37EE7C2A0B84C300167851 /* Photo.swift */,
			);
			path = Models;
			sourceTree = "<group>";
		};
		9F37EE802A0B984F00167851 /* PhotoList */ = {
			isa = PBXGroup;
			children = (
				9F37EE782A0B849600167851 /* PhotoListViewModel.swift */,
				9F37EE682A0B828C00167851 /* PhotoListViewController.swift */,
				9703E5CF2A14BB7D0044146E /* PhotoIGListViewController.swift */,
				9F37EE812A0B990300167851 /* PhotoListView.swift */,
				9703E5D32A15CEED0044146E /* Sections */,
				9FC298682A0C7D9200F2C37E /* Cells */,
			);
			path = PhotoList;
			sourceTree = "<group>";
		};
		9FC298682A0C7D9200F2C37E /* Cells */ = {
			isa = PBXGroup;
			children = (
				9FC298692A0C7DAC00F2C37E /* AlbumCollectionCell.swift */,
				9FC2986E2A0C8E3F00F2C37E /* PhotoCollectionCell.swift */,
			);
			path = Cells;
			sourceTree = "<group>";
		};
/* End PBXGroup section */

/* Begin PBXNativeTarget section */
		9F37EE602A0B828C00167851 /* IGListKit-POC */ = {
			isa = PBXNativeTarget;
			buildConfigurationList = 9F37EE752A0B828F00167851 /* Build configuration list for PBXNativeTarget "IGListKit-POC" */;
			buildPhases = (
				9F37EE5D2A0B828C00167851 /* Sources */,
				9F37EE5E2A0B828C00167851 /* Frameworks */,
				9F37EE5F2A0B828C00167851 /* Resources */,
			);
			buildRules = (
			);
			dependencies = (
			);
			name = "IGListKit-POC";
			packageProductDependencies = (
				9F9A3C8D2A0DBEE900012D6B /* Nuke */,
				97E4AB012A133A3300AF8821 /* IGListDiffKit */,
				97E4AB032A133A3300AF8821 /* IGListKit */,
				97E4AB052A133A3300AF8821 /* IGListSwiftKit */,
			);
			productName = "IGListKit-POC";
			productReference = 9F37EE612A0B828C00167851 /* IGListKit-POC.app */;
			productType = "com.apple.product-type.application";
		};
/* End PBXNativeTarget section */

/* Begin PBXProject section */
		9F37EE592A0B828C00167851 /* Project object */ = {
			isa = PBXProject;
			attributes = {
				BuildIndependentTargetsInParallel = 1;
				LastSwiftUpdateCheck = 1420;
				LastUpgradeCheck = 1420;
				TargetAttributes = {
					9F37EE602A0B828C00167851 = {
						CreatedOnToolsVersion = 14.2;
					};
				};
			};
			buildConfigurationList = 9F37EE5C2A0B828C00167851 /* Build configuration list for PBXProject "IGListKit-POC" */;
			compatibilityVersion = "Xcode 14.0";
			developmentRegion = en;
			hasScannedForEncodings = 0;
			knownRegions = (
				en,
				Base,
			);
			mainGroup = 9F37EE582A0B828C00167851;
			packageReferences = (
				9F9A3C8C2A0DBEE900012D6B /* XCRemoteSwiftPackageReference "Nuke" */,
				97E4AB002A133A3300AF8821 /* XCRemoteSwiftPackageReference "IGListKit" */,
			);
			productRefGroup = 9F37EE622A0B828C00167851 /* Products */;
			projectDirPath = "";
			projectRoot = "";
			targets = (
				9F37EE602A0B828C00167851 /* IGListKit-POC */,
			);
		};
/* End PBXProject section */

/* Begin PBXResourcesBuildPhase section */
		9F37EE5F2A0B828C00167851 /* Resources */ = {
			isa = PBXResourcesBuildPhase;
			buildActionMask = 2147483647;
			files = (
				9F37EE712A0B828F00167851 /* LaunchScreen.storyboard in Resources */,
				9F37EE6E2A0B828F00167851 /* Assets.xcassets in Resources */,
			);
			runOnlyForDeploymentPostprocessing = 0;
		};
/* End PBXResourcesBuildPhase section */

/* Begin PBXSourcesBuildPhase section */
		9F37EE5D2A0B828C00167851 /* Sources */ = {
			isa = PBXSourcesBuildPhase;
			buildActionMask = 2147483647;
			files = (
				9703E5D22A14C6F60044146E /* PhotoListSectionController.swift in Sources */,
				9F37EE692A0B828C00167851 /* PhotoListViewController.swift in Sources */,
				9703E5D52A15CF550044146E /* AlbumListSectionController.swift in Sources */,
				9FC2986A2A0C7DAC00F2C37E /* AlbumCollectionCell.swift in Sources */,
				9F37EE792A0B849600167851 /* PhotoListViewModel.swift in Sources */,
				9FC2986F2A0C8E3F00F2C37E /* PhotoCollectionCell.swift in Sources */,
				9F37EE652A0B828C00167851 /* AppDelegate.swift in Sources */,
				9F37EE822A0B990300167851 /* PhotoListView.swift in Sources */,
				9703E5D02A14BB7D0044146E /* PhotoIGListViewController.swift in Sources */,
				9F37EE672A0B828C00167851 /* SceneDelegate.swift in Sources */,
				9F37EE7D2A0B84C300167851 /* Photo.swift in Sources */,
				9F37EE7F2A0B92A600167851 /* Album.swift in Sources */,
				97E4AB082A13787C00AF8821 /* MainViewController.swift in Sources */,
			);
			runOnlyForDeploymentPostprocessing = 0;
		};
/* End PBXSourcesBuildPhase section */

/* Begin PBXVariantGroup section */
		9F37EE6F2A0B828F00167851 /* LaunchScreen.storyboard */ = {
			isa = PBXVariantGroup;
			children = (
				9F37EE702A0B828F00167851 /* Base */,
			);
			name = LaunchScreen.storyboard;
			sourceTree = "<group>";
		};
/* End PBXVariantGroup section */

/* Begin XCBuildConfiguration section */
		9F37EE732A0B828F00167851 /* Debug */ = {
			isa = XCBuildConfiguration;
			buildSettings = {
				ALWAYS_SEARCH_USER_PATHS = NO;
				CLANG_ANALYZER_NONNULL = YES;
				CLANG_ANALYZER_NUMBER_OBJECT_CONVERSION = YES_AGGRESSIVE;
				CLANG_CXX_LANGUAGE_STANDARD = "gnu++20";
				CLANG_ENABLE_MODULES = YES;
				CLANG_ENABLE_OBJC_ARC = YES;
				CLANG_ENABLE_OBJC_WEAK = YES;
				CLANG_WARN_BLOCK_CAPTURE_AUTORELEASING = YES;
				CLANG_WARN_BOOL_CONVERSION = YES;
				CLANG_WARN_COMMA = YES;
				CLANG_WARN_CONSTANT_CONVERSION = YES;
				CLANG_WARN_DEPRECATED_OBJC_IMPLEMENTATIONS = YES;
				CLANG_WARN_DIRECT_OBJC_ISA_USAGE = YES_ERROR;
				CLANG_WARN_DOCUMENTATION_COMMENTS = YES;
				CLANG_WARN_EMPTY_BODY = YES;
				CLANG_WARN_ENUM_CONVERSION = YES;
				CLANG_WARN_INFINITE_RECURSION = YES;
				CLANG_WARN_INT_CONVERSION = YES;
				CLANG_WARN_NON_LITERAL_NULL_CONVERSION = YES;
				CLANG_WARN_OBJC_IMPLICIT_RETAIN_SELF = YES;
				CLANG_WARN_OBJC_LITERAL_CONVERSION = YES;
				CLANG_WARN_OBJC_ROOT_CLASS = YES_ERROR;
				CLANG_WARN_QUOTED_INCLUDE_IN_FRAMEWORK_HEADER = YES;
				CLANG_WARN_RANGE_LOOP_ANALYSIS = YES;
				CLANG_WARN_STRICT_PROTOTYPES = YES;
				CLANG_WARN_SUSPICIOUS_MOVE = YES;
				CLANG_WARN_UNGUARDED_AVAILABILITY = YES_AGGRESSIVE;
				CLANG_WARN_UNREACHABLE_CODE = YES;
				CLANG_WARN__DUPLICATE_METHOD_MATCH = YES;
				COPY_PHASE_STRIP = NO;
				DEBUG_INFORMATION_FORMAT = dwarf;
				ENABLE_STRICT_OBJC_MSGSEND = YES;
				ENABLE_TESTABILITY = YES;
				GCC_C_LANGUAGE_STANDARD = gnu11;
				GCC_DYNAMIC_NO_PIC = NO;
				GCC_NO_COMMON_BLOCKS = YES;
				GCC_OPTIMIZATION_LEVEL = 0;
				GCC_PREPROCESSOR_DEFINITIONS = (
					"DEBUG=1",
					"$(inherited)",
				);
				GCC_WARN_64_TO_32_BIT_CONVERSION = YES;
				GCC_WARN_ABOUT_RETURN_TYPE = YES_ERROR;
				GCC_WARN_UNDECLARED_SELECTOR = YES;
				GCC_WARN_UNINITIALIZED_AUTOS = YES_AGGRESSIVE;
				GCC_WARN_UNUSED_FUNCTION = YES;
				GCC_WARN_UNUSED_VARIABLE = YES;
				IPHONEOS_DEPLOYMENT_TARGET = 16.2;
				MTL_ENABLE_DEBUG_INFO = INCLUDE_SOURCE;
				MTL_FAST_MATH = YES;
				ONLY_ACTIVE_ARCH = YES;
				SDKROOT = iphoneos;
				SWIFT_ACTIVE_COMPILATION_CONDITIONS = DEBUG;
				SWIFT_OPTIMIZATION_LEVEL = "-Onone";
			};
			name = Debug;
		};
		9F37EE742A0B828F00167851 /* Release */ = {
			isa = XCBuildConfiguration;
			buildSettings = {
				ALWAYS_SEARCH_USER_PATHS = NO;
				CLANG_ANALYZER_NONNULL = YES;
				CLANG_ANALYZER_NUMBER_OBJECT_CONVERSION = YES_AGGRESSIVE;
				CLANG_CXX_LANGUAGE_STANDARD = "gnu++20";
				CLANG_ENABLE_MODULES = YES;
				CLANG_ENABLE_OBJC_ARC = YES;
				CLANG_ENABLE_OBJC_WEAK = YES;
				CLANG_WARN_BLOCK_CAPTURE_AUTORELEASING = YES;
				CLANG_WARN_BOOL_CONVERSION = YES;
				CLANG_WARN_COMMA = YES;
				CLANG_WARN_CONSTANT_CONVERSION = YES;
				CLANG_WARN_DEPRECATED_OBJC_IMPLEMENTATIONS = YES;
				CLANG_WARN_DIRECT_OBJC_ISA_USAGE = YES_ERROR;
				CLANG_WARN_DOCUMENTATION_COMMENTS = YES;
				CLANG_WARN_EMPTY_BODY = YES;
				CLANG_WARN_ENUM_CONVERSION = YES;
				CLANG_WARN_INFINITE_RECURSION = YES;
				CLANG_WARN_INT_CONVERSION = YES;
				CLANG_WARN_NON_LITERAL_NULL_CONVERSION = YES;
				CLANG_WARN_OBJC_IMPLICIT_RETAIN_SELF = YES;
				CLANG_WARN_OBJC_LITERAL_CONVERSION = YES;
				CLANG_WARN_OBJC_ROOT_CLASS = YES_ERROR;
				CLANG_WARN_QUOTED_INCLUDE_IN_FRAMEWORK_HEADER = YES;
				CLANG_WARN_RANGE_LOOP_ANALYSIS = YES;
				CLANG_WARN_STRICT_PROTOTYPES = YES;
				CLANG_WARN_SUSPICIOUS_MOVE = YES;
				CLANG_WARN_UNGUARDED_AVAILABILITY = YES_AGGRESSIVE;
				CLANG_WARN_UNREACHABLE_CODE = YES;
				CLANG_WARN__DUPLICATE_METHOD_MATCH = YES;
				COPY_PHASE_STRIP = NO;
				DEBUG_INFORMATION_FORMAT = "dwarf-with-dsym";
				ENABLE_NS_ASSERTIONS = NO;
				ENABLE_STRICT_OBJC_MSGSEND = YES;
				GCC_C_LANGUAGE_STANDARD = gnu11;
				GCC_NO_COMMON_BLOCKS = YES;
				GCC_WARN_64_TO_32_BIT_CONVERSION = YES;
				GCC_WARN_ABOUT_RETURN_TYPE = YES_ERROR;
				GCC_WARN_UNDECLARED_SELECTOR = YES;
				GCC_WARN_UNINITIALIZED_AUTOS = YES_AGGRESSIVE;
				GCC_WARN_UNUSED_FUNCTION = YES;
				GCC_WARN_UNUSED_VARIABLE = YES;
				IPHONEOS_DEPLOYMENT_TARGET = 16.2;
				MTL_ENABLE_DEBUG_INFO = NO;
				MTL_FAST_MATH = YES;
				SDKROOT = iphoneos;
				SWIFT_COMPILATION_MODE = wholemodule;
				SWIFT_OPTIMIZATION_LEVEL = "-O";
				VALIDATE_PRODUCT = YES;
			};
			name = Release;
		};
		9F37EE762A0B828F00167851 /* Debug */ = {
			isa = XCBuildConfiguration;
			buildSettings = {
				ASSETCATALOG_COMPILER_APPICON_NAME = AppIcon;
				ASSETCATALOG_COMPILER_GLOBAL_ACCENT_COLOR_NAME = AccentColor;
				CODE_SIGN_STYLE = Automatic;
				CURRENT_PROJECT_VERSION = 1;
				GENERATE_INFOPLIST_FILE = YES;
				INFOPLIST_FILE = "IGListKit-POC/Info.plist";
				INFOPLIST_KEY_UIApplicationSupportsIndirectInputEvents = YES;
				INFOPLIST_KEY_UILaunchStoryboardName = LaunchScreen;
				INFOPLIST_KEY_UISupportedInterfaceOrientations = UIInterfaceOrientationPortrait;
				INFOPLIST_KEY_UISupportedInterfaceOrientations_iPad = "UIInterfaceOrientationLandscapeLeft UIInterfaceOrientationLandscapeRight UIInterfaceOrientationPortrait UIInterfaceOrientationPortraitUpsideDown";
				IPHONEOS_DEPLOYMENT_TARGET = 15.0;
				LD_RUNPATH_SEARCH_PATHS = (
					"$(inherited)",
					"@executable_path/Frameworks",
				);
				MARKETING_VERSION = 1.0.0;
				PRODUCT_BUNDLE_IDENTIFIER = "com.poc.IGListKit-POC";
				PRODUCT_NAME = "$(TARGET_NAME)";
				SUPPORTED_PLATFORMS = "iphoneos iphonesimulator";
				SUPPORTS_MACCATALYST = NO;
				SUPPORTS_MAC_DESIGNED_FOR_IPHONE_IPAD = NO;
				SWIFT_EMIT_LOC_STRINGS = YES;
				SWIFT_VERSION = 5.0;
				TARGETED_DEVICE_FAMILY = 1;
			};
			name = Debug;
		};
		9F37EE772A0B828F00167851 /* Release */ = {
			isa = XCBuildConfiguration;
			buildSettings = {
				ASSETCATALOG_COMPILER_APPICON_NAME = AppIcon;
				ASSETCATALOG_COMPILER_GLOBAL_ACCENT_COLOR_NAME = AccentColor;
				CODE_SIGN_STYLE = Automatic;
				CURRENT_PROJECT_VERSION = 1;
				GENERATE_INFOPLIST_FILE = YES;
				INFOPLIST_FILE = "IGListKit-POC/Info.plist";
				INFOPLIST_KEY_UIApplicationSupportsIndirectInputEvents = YES;
				INFOPLIST_KEY_UILaunchStoryboardName = LaunchScreen;
				INFOPLIST_KEY_UISupportedInterfaceOrientations = UIInterfaceOrientationPortrait;
				INFOPLIST_KEY_UISupportedInterfaceOrientations_iPad = "UIInterfaceOrientationLandscapeLeft UIInterfaceOrientationLandscapeRight UIInterfaceOrientationPortrait UIInterfaceOrientationPortraitUpsideDown";
				IPHONEOS_DEPLOYMENT_TARGET = 15.0;
				LD_RUNPATH_SEARCH_PATHS = (
					"$(inherited)",
					"@executable_path/Frameworks",
				);
				MARKETING_VERSION = 1.0.0;
				PRODUCT_BUNDLE_IDENTIFIER = "com.poc.IGListKit-POC";
				PRODUCT_NAME = "$(TARGET_NAME)";
				SUPPORTED_PLATFORMS = "iphoneos iphonesimulator";
				SUPPORTS_MACCATALYST = NO;
				SUPPORTS_MAC_DESIGNED_FOR_IPHONE_IPAD = NO;
				SWIFT_EMIT_LOC_STRINGS = YES;
				SWIFT_VERSION = 5.0;
				TARGETED_DEVICE_FAMILY = 1;
			};
			name = Release;
		};
/* End XCBuildConfiguration section */

/* Begin XCConfigurationList section */
		9F37EE5C2A0B828C00167851 /* Build configuration list for PBXProject "IGListKit-POC" */ = {
			isa = XCConfigurationList;
			buildConfigurations = (
				9F37EE732A0B828F00167851 /* Debug */,
				9F37EE742A0B828F00167851 /* Release */,
			);
			defaultConfigurationIsVisible = 0;
			defaultConfigurationName = Release;
		};
		9F37EE752A0B828F00167851 /* Build configuration list for PBXNativeTarget "IGListKit-POC" */ = {
			isa = XCConfigurationList;
			buildConfigurations = (
				9F37EE762A0B828F00167851 /* Debug */,
				9F37EE772A0B828F00167851 /* Release */,
			);
			defaultConfigurationIsVisible = 0;
			defaultConfigurationName = Release;
		};
/* End XCConfigurationList section */

/* Begin XCRemoteSwiftPackageReference section */
		97E4AB002A133A3300AF8821 /* XCRemoteSwiftPackageReference "IGListKit" */ = {
			isa = XCRemoteSwiftPackageReference;
			repositoryURL = "https://github.com/Instagram/IGListKit";
			requirement = {
				branch = main;
				kind = branch;
			};
		};
		9F9A3C8C2A0DBEE900012D6B /* XCRemoteSwiftPackageReference "Nuke" */ = {
			isa = XCRemoteSwiftPackageReference;
			repositoryURL = "https://github.com/kean/Nuke";
			requirement = {
				kind = upToNextMajorVersion;
				minimumVersion = 9.0.0;
			};
		};
/* End XCRemoteSwiftPackageReference section */

/* Begin XCSwiftPackageProductDependency section */
		97E4AB012A133A3300AF8821 /* IGListDiffKit */ = {
			isa = XCSwiftPackageProductDependency;
			package = 97E4AB002A133A3300AF8821 /* XCRemoteSwiftPackageReference "IGListKit" */;
			productName = IGListDiffKit;
		};
		97E4AB032A133A3300AF8821 /* IGListKit */ = {
			isa = XCSwiftPackageProductDependency;
			package = 97E4AB002A133A3300AF8821 /* XCRemoteSwiftPackageReference "IGListKit" */;
			productName = IGListKit;
		};
		97E4AB052A133A3300AF8821 /* IGListSwiftKit */ = {
			isa = XCSwiftPackageProductDependency;
			package = 97E4AB002A133A3300AF8821 /* XCRemoteSwiftPackageReference "IGListKit" */;
			productName = IGListSwiftKit;
		};
		9F9A3C8D2A0DBEE900012D6B /* Nuke */ = {
			isa = XCSwiftPackageProductDependency;
			package = 9F9A3C8C2A0DBEE900012D6B /* XCRemoteSwiftPackageReference "Nuke" */;
			productName = Nuke;
		};
/* End XCSwiftPackageProductDependency section */
	};
	rootObject = 9F37EE592A0B828C00167851 /* Project object */;
}
